
Microsoft Visual Studio Solution File, Format Version 12.00
Project("{FAE04EC0-301F-11D3-BF4B-00C04F79EFBC}") = "Client", "Client\Client.csproj", "{2F3E381C-36A7-4144-A247-A2AF60AD60F2}"
EndProject
Project("{FAE04EC0-301F-11D3-BF4B-00C04F79EFBC}") = "UnitTests", "UnitTests\UnitTests.csproj", "{F0F4B8D3-22F4-410F-A934-C9BC30C5B4FE}"
EndProject
Global
	GlobalSection(SolutionConfigurationPlatforms) = preSolution
		Debug|Any CPU = Debug|Any CPU
		Release|Any CPU = Release|Any CPU
	EndGlobalSection
	GlobalSection(ProjectConfigurationPlatforms) = postSolution
		{2F3E381C-36A7-4144-A247-A2AF60AD60F2}.Debug|Any CPU.ActiveCfg = Debug|Any CPU
		{2F3E381C-36A7-4144-A247-A2AF60AD60F2}.Debug|Any CPU.Build.0 = Debug|Any CPU
		{2F3E381C-36A7-4144-A247-A2AF60AD60F2}.Release|Any CPU.ActiveCfg = Release|Any CPU
		{2F3E381C-36A7-4144-A247-A2AF60AD60F2}.Release|Any CPU.Build.0 = Release|Any CPU
		{F0F4B8D3-22F4-410F-A934-C9BC30C5B4FE}.Debug|Any CPU.ActiveCfg = Debug|Any CPU
		{F0F4B8D3-22F4-410F-A934-C9BC30C5B4FE}.Debug|Any CPU.Build.0 = Debug|Any CPU
		{F0F4B8D3-22F4-410F-A934-C9BC30C5B4FE}.Release|Any CPU.ActiveCfg = Release|Any CPU
		{F0F4B8D3-22F4-410F-A934-C9BC30C5B4FE}.Release|Any CPU.Build.0 = Release|Any CPU
	EndGlobalSection
EndGlobal
